// !$*UTF8*$!
{
	archiveVersion = 1;
	classes = {
	};
	objectVersion = 56;
	objects = {

/* Begin PBXBuildFile section */
		16D8EA0EB1EDE9614ABDD8FD /* Pods_Schools_SchoolsUITests.framework in Frameworks */ = {isa = PBXBuildFile; fileRef = E277B02E9048249C06B003AB /* Pods_Schools_SchoolsUITests.framework */; };
		28A217F24E26D851CDB1B660 /* Pods_SchoolsTests.framework in Frameworks */ = {isa = PBXBuildFile; fileRef = 5370CEDE887A18F348CDEF25 /* Pods_SchoolsTests.framework */; };
		A6C30363F3F438BE4B832357 /* Pods_Schools.framework in Frameworks */ = {isa = PBXBuildFile; fileRef = 589D81A8B129243D8518F501 /* Pods_Schools.framework */; };
		B12CE95B2A65421A006C54F5 /* SchoolsApp.swift in Sources */ = {isa = PBXBuildFile; fileRef = B12CE95A2A65421A006C54F5 /* SchoolsApp.swift */; };
		B12CE95D2A65421A006C54F5 /* SchoolView.swift in Sources */ = {isa = PBXBuildFile; fileRef = B12CE95C2A65421A006C54F5 /* SchoolView.swift */; };
		B12CE95F2A65421F006C54F5 /* Assets.xcassets in Resources */ = {isa = PBXBuildFile; fileRef = B12CE95E2A65421F006C54F5 /* Assets.xcassets */; };
		B12CE9622A65421F006C54F5 /* Preview Assets.xcassets in Resources */ = {isa = PBXBuildFile; fileRef = B12CE9612A65421F006C54F5 /* Preview Assets.xcassets */; };
		B12CE96C2A65421F006C54F5 /* SchoolsTests.swift in Sources */ = {isa = PBXBuildFile; fileRef = B12CE96B2A65421F006C54F5 /* SchoolsTests.swift */; };
		B12CE9762A65421F006C54F5 /* SchoolsUITests.swift in Sources */ = {isa = PBXBuildFile; fileRef = B12CE9752A65421F006C54F5 /* SchoolsUITests.swift */; };
		B12CE9782A65421F006C54F5 /* SchoolsUITestsLaunchTests.swift in Sources */ = {isa = PBXBuildFile; fileRef = B12CE9772A65421F006C54F5 /* SchoolsUITestsLaunchTests.swift */; };
		B12CE98A2A6543BA006C54F5 /* School.swift in Sources */ = {isa = PBXBuildFile; fileRef = B12CE9892A6543BA006C54F5 /* School.swift */; };
		B12CE98C2A6543C4006C54F5 /* SchoolSAT.swift in Sources */ = {isa = PBXBuildFile; fileRef = B12CE98B2A6543C4006C54F5 /* SchoolSAT.swift */; };
		B12CE98E2A6543D3006C54F5 /* SchoolLoadingState.swift in Sources */ = {isa = PBXBuildFile; fileRef = B12CE98D2A6543D3006C54F5 /* SchoolLoadingState.swift */; };
		B12CE9902A654969006C54F5 /* SchoolDirectoryAPI.swift in Sources */ = {isa = PBXBuildFile; fileRef = B12CE98F2A654969006C54F5 /* SchoolDirectoryAPI.swift */; };
		B12CE9922A6549BD006C54F5 /* DataError.swift in Sources */ = {isa = PBXBuildFile; fileRef = B12CE9912A6549BD006C54F5 /* DataError.swift */; };
		B12CE9942A654DB8006C54F5 /* SchoolsViewModel.swift in Sources */ = {isa = PBXBuildFile; fileRef = B12CE9932A654DB8006C54F5 /* SchoolsViewModel.swift */; };
		B12CE9962A654DC8006C54F5 /* SchoolDetailViewModel.swift in Sources */ = {isa = PBXBuildFile; fileRef = B12CE9952A654DC8006C54F5 /* SchoolDetailViewModel.swift */; };
		B12CE9982A656EA9006C54F5 /* SchoolSection.swift in Sources */ = {isa = PBXBuildFile; fileRef = B12CE9972A656EA9006C54F5 /* SchoolSection.swift */; };
		B12CE99A2A656ECF006C54F5 /* SchoolMapAnnnotation.swift in Sources */ = {isa = PBXBuildFile; fileRef = B12CE9992A656ECF006C54F5 /* SchoolMapAnnnotation.swift */; };
		B12CE9A02A658AD3006C54F5 /* SchoolCardView.swift in Sources */ = {isa = PBXBuildFile; fileRef = B12CE99F2A658AD3006C54F5 /* SchoolCardView.swift */; };
		B12CE9A22A6594E7006C54F5 /* SchoolAppBar.swift in Sources */ = {isa = PBXBuildFile; fileRef = B12CE9A12A6594E7006C54F5 /* SchoolAppBar.swift */; };
		B1A1CAEC2A6674A500527A84 /* MockSchoolAPI.swift in Sources */ = {isa = PBXBuildFile; fileRef = B1A1CAEB2A6674A400527A84 /* MockSchoolAPI.swift */; };
		B1A1CAEE2A6676B600527A84 /* SchoolTest.swift in Sources */ = {isa = PBXBuildFile; fileRef = B1A1CAED2A6676B600527A84 /* SchoolTest.swift */; };
		B1A1CAF02A667D5D00527A84 /* SchoolDetailView.swift in Sources */ = {isa = PBXBuildFile; fileRef = B1A1CAEF2A667D5D00527A84 /* SchoolDetailView.swift */; };
/* End PBXBuildFile section */

/* Begin PBXContainerItemProxy section */
		B12CE9682A65421F006C54F5 /* PBXContainerItemProxy */ = {
			isa = PBXContainerItemProxy;
			containerPortal = B12CE94F2A65421A006C54F5 /* Project object */;
			proxyType = 1;
			remoteGlobalIDString = B12CE9562A65421A006C54F5;
			remoteInfo = Schools;
		};
		B12CE9722A65421F006C54F5 /* PBXContainerItemProxy */ = {
			isa = PBXContainerItemProxy;
			containerPortal = B12CE94F2A65421A006C54F5 /* Project object */;
			proxyType = 1;
			remoteGlobalIDString = B12CE9562A65421A006C54F5;
			remoteInfo = Schools;
		};
/* End PBXContainerItemProxy section */

/* Begin PBXFileReference section */
		2E0E5E497E1C1A08643220AD /* Pods-SchoolsTests.debug.xcconfig */ = {isa = PBXFileReference; includeInIndex = 1; lastKnownFileType = text.xcconfig; name = "Pods-SchoolsTests.debug.xcconfig"; path = "Target Support Files/Pods-SchoolsTests/Pods-SchoolsTests.debug.xcconfig"; sourceTree = "<group>"; };
		34206FDA00C8A454F32D79D5 /* Pods-Schools-SchoolsUITests.release.xcconfig */ = {isa = PBXFileReference; includeInIndex = 1; lastKnownFileType = text.xcconfig; name = "Pods-Schools-SchoolsUITests.release.xcconfig"; path = "Target Support Files/Pods-Schools-SchoolsUITests/Pods-Schools-SchoolsUITests.release.xcconfig"; sourceTree = "<group>"; };
		440946C6A34C791E539BBFF7 /* Pods-Schools.release.xcconfig */ = {isa = PBXFileReference; includeInIndex = 1; lastKnownFileType = text.xcconfig; name = "Pods-Schools.release.xcconfig"; path = "Target Support Files/Pods-Schools/Pods-Schools.release.xcconfig"; sourceTree = "<group>"; };
		5370CEDE887A18F348CDEF25 /* Pods_SchoolsTests.framework */ = {isa = PBXFileReference; explicitFileType = wrapper.framework; includeInIndex = 0; path = Pods_SchoolsTests.framework; sourceTree = BUILT_PRODUCTS_DIR; };
		589D81A8B129243D8518F501 /* Pods_Schools.framework */ = {isa = PBXFileReference; explicitFileType = wrapper.framework; includeInIndex = 0; path = Pods_Schools.framework; sourceTree = BUILT_PRODUCTS_DIR; };
		6B0AE92BD415DE778D1CD8F5 /* Pods-SchoolsTests.release.xcconfig */ = {isa = PBXFileReference; includeInIndex = 1; lastKnownFileType = text.xcconfig; name = "Pods-SchoolsTests.release.xcconfig"; path = "Target Support Files/Pods-SchoolsTests/Pods-SchoolsTests.release.xcconfig"; sourceTree = "<group>"; };
		8114A6548D8EA94A0B6BA5A4 /* Pods-Schools-SchoolsUITests.debug.xcconfig */ = {isa = PBXFileReference; includeInIndex = 1; lastKnownFileType = text.xcconfig; name = "Pods-Schools-SchoolsUITests.debug.xcconfig"; path = "Target Support Files/Pods-Schools-SchoolsUITests/Pods-Schools-SchoolsUITests.debug.xcconfig"; sourceTree = "<group>"; };
		B12CE9572A65421A006C54F5 /* Schools.app */ = {isa = PBXFileReference; explicitFileType = wrapper.application; includeInIndex = 0; path = Schools.app; sourceTree = BUILT_PRODUCTS_DIR; };
		B12CE95A2A65421A006C54F5 /* SchoolsApp.swift */ = {isa = PBXFileReference; lastKnownFileType = sourcecode.swift; path = SchoolsApp.swift; sourceTree = "<group>"; };
		B12CE95C2A65421A006C54F5 /* SchoolView.swift */ = {isa = PBXFileReference; lastKnownFileType = sourcecode.swift; path = SchoolView.swift; sourceTree = "<group>"; };
		B12CE95E2A65421F006C54F5 /* Assets.xcassets */ = {isa = PBXFileReference; lastKnownFileType = folder.assetcatalog; path = Assets.xcassets; sourceTree = "<group>"; };
		B12CE9612A65421F006C54F5 /* Preview Assets.xcassets */ = {isa = PBXFileReference; lastKnownFileType = folder.assetcatalog; path = "Preview Assets.xcassets"; sourceTree = "<group>"; };
		B12CE9672A65421F006C54F5 /* SchoolsTests.xctest */ = {isa = PBXFileReference; explicitFileType = wrapper.cfbundle; includeInIndex = 0; path = SchoolsTests.xctest; sourceTree = BUILT_PRODUCTS_DIR; };
		B12CE96B2A65421F006C54F5 /* SchoolsTests.swift */ = {isa = PBXFileReference; lastKnownFileType = sourcecode.swift; path = SchoolsTests.swift; sourceTree = "<group>"; };
		B12CE9712A65421F006C54F5 /* SchoolsUITests.xctest */ = {isa = PBXFileReference; explicitFileType = wrapper.cfbundle; includeInIndex = 0; path = SchoolsUITests.xctest; sourceTree = BUILT_PRODUCTS_DIR; };
		B12CE9752A65421F006C54F5 /* SchoolsUITests.swift */ = {isa = PBXFileReference; lastKnownFileType = sourcecode.swift; path = SchoolsUITests.swift; sourceTree = "<group>"; };
		B12CE9772A65421F006C54F5 /* SchoolsUITestsLaunchTests.swift */ = {isa = PBXFileReference; lastKnownFileType = sourcecode.swift; path = SchoolsUITestsLaunchTests.swift; sourceTree = "<group>"; };
		B12CE9892A6543BA006C54F5 /* School.swift */ = {isa = PBXFileReference; lastKnownFileType = sourcecode.swift; path = School.swift; sourceTree = "<group>"; };
		B12CE98B2A6543C4006C54F5 /* SchoolSAT.swift */ = {isa = PBXFileReference; lastKnownFileType = sourcecode.swift; path = SchoolSAT.swift; sourceTree = "<group>"; };
		B12CE98D2A6543D3006C54F5 /* SchoolLoadingState.swift */ = {isa = PBXFileReference; lastKnownFileType = sourcecode.swift; path = SchoolLoadingState.swift; sourceTree = "<group>"; };
		B12CE98F2A654969006C54F5 /* SchoolDirectoryAPI.swift */ = {isa = PBXFileReference; lastKnownFileType = sourcecode.swift; path = SchoolDirectoryAPI.swift; sourceTree = "<group>"; };
		B12CE9912A6549BD006C54F5 /* DataError.swift */ = {isa = PBXFileReference; lastKnownFileType = sourcecode.swift; path = DataError.swift; sourceTree = "<group>"; };
		B12CE9932A654DB8006C54F5 /* SchoolsViewModel.swift */ = {isa = PBXFileReference; lastKnownFileType = sourcecode.swift; path = SchoolsViewModel.swift; sourceTree = "<group>"; };
		B12CE9952A654DC8006C54F5 /* SchoolDetailViewModel.swift */ = {isa = PBXFileReference; lastKnownFileType = sourcecode.swift; path = SchoolDetailViewModel.swift; sourceTree = "<group>"; };
		B12CE9972A656EA9006C54F5 /* SchoolSection.swift */ = {isa = PBXFileReference; lastKnownFileType = sourcecode.swift; path = SchoolSection.swift; sourceTree = "<group>"; };
		B12CE9992A656ECF006C54F5 /* SchoolMapAnnnotation.swift */ = {isa = PBXFileReference; lastKnownFileType = sourcecode.swift; path = SchoolMapAnnnotation.swift; sourceTree = "<group>"; };
		B12CE99B2A6586AC006C54F5 /* Info.plist */ = {isa = PBXFileReference; lastKnownFileType = text.plist; path = Info.plist; sourceTree = "<group>"; };
		B12CE99F2A658AD3006C54F5 /* SchoolCardView.swift */ = {isa = PBXFileReference; lastKnownFileType = sourcecode.swift; path = SchoolCardView.swift; sourceTree = "<group>"; };
		B12CE9A12A6594E7006C54F5 /* SchoolAppBar.swift */ = {isa = PBXFileReference; lastKnownFileType = sourcecode.swift; path = SchoolAppBar.swift; sourceTree = "<group>"; };
		B1A1CAEB2A6674A400527A84 /* MockSchoolAPI.swift */ = {isa = PBXFileReference; lastKnownFileType = sourcecode.swift; path = MockSchoolAPI.swift; sourceTree = "<group>"; };
		B1A1CAED2A6676B600527A84 /* SchoolTest.swift */ = {isa = PBXFileReference; lastKnownFileType = sourcecode.swift; path = SchoolTest.swift; sourceTree = "<group>"; };
		B1A1CAEF2A667D5D00527A84 /* SchoolDetailView.swift */ = {isa = PBXFileReference; lastKnownFileType = sourcecode.swift; path = SchoolDetailView.swift; sourceTree = "<group>"; };
		C5D76EB15DFE44C242944EB0 /* Pods-Schools.debug.xcconfig */ = {isa = PBXFileReference; includeInIndex = 1; lastKnownFileType = text.xcconfig; name = "Pods-Schools.debug.xcconfig"; path = "Target Support Files/Pods-Schools/Pods-Schools.debug.xcconfig"; sourceTree = "<group>"; };
		E277B02E9048249C06B003AB /* Pods_Schools_SchoolsUITests.framework */ = {isa = PBXFileReference; explicitFileType = wrapper.framework; includeInIndex = 0; path = Pods_Schools_SchoolsUITests.framework; sourceTree = BUILT_PRODUCTS_DIR; };
/* End PBXFileReference section */

/* Begin PBXFrameworksBuildPhase section */
		B12CE9542A65421A006C54F5 /* Frameworks */ = {
			isa = PBXFrameworksBuildPhase;
			buildActionMask = 2147483647;
			files = (
				A6C30363F3F438BE4B832357 /* Pods_Schools.framework in Frameworks */,
			);
			runOnlyForDeploymentPostprocessing = 0;
		};
		B12CE9642A65421F006C54F5 /* Frameworks */ = {
			isa = PBXFrameworksBuildPhase;
			buildActionMask = 2147483647;
			files = (
				28A217F24E26D851CDB1B660 /* Pods_SchoolsTests.framework in Frameworks */,
			);
			runOnlyForDeploymentPostprocessing = 0;
		};
		B12CE96E2A65421F006C54F5 /* Frameworks */ = {
			isa = PBXFrameworksBuildPhase;
			buildActionMask = 2147483647;
			files = (
				16D8EA0EB1EDE9614ABDD8FD /* Pods_Schools_SchoolsUITests.framework in Frameworks */,
			);
			runOnlyForDeploymentPostprocessing = 0;
		};
/* End PBXFrameworksBuildPhase section */

/* Begin PBXGroup section */
		3E0B6F03EF6C7AC4B4BC228F /* Pods */ = {
			isa = PBXGroup;
			children = (
				C5D76EB15DFE44C242944EB0 /* Pods-Schools.debug.xcconfig */,
				440946C6A34C791E539BBFF7 /* Pods-Schools.release.xcconfig */,
				8114A6548D8EA94A0B6BA5A4 /* Pods-Schools-SchoolsUITests.debug.xcconfig */,
				34206FDA00C8A454F32D79D5 /* Pods-Schools-SchoolsUITests.release.xcconfig */,
				2E0E5E497E1C1A08643220AD /* Pods-SchoolsTests.debug.xcconfig */,
				6B0AE92BD415DE778D1CD8F5 /* Pods-SchoolsTests.release.xcconfig */,
			);
			path = Pods;
			sourceTree = "<group>";
		};
		54546B151C3BE1E0CF156A47 /* Frameworks */ = {
			isa = PBXGroup;
			children = (
				589D81A8B129243D8518F501 /* Pods_Schools.framework */,
				E277B02E9048249C06B003AB /* Pods_Schools_SchoolsUITests.framework */,
				5370CEDE887A18F348CDEF25 /* Pods_SchoolsTests.framework */,
			);
			name = Frameworks;
			sourceTree = "<group>";
		};
		B12CE94E2A65421A006C54F5 = {
			isa = PBXGroup;
			children = (
				B12CE9592A65421A006C54F5 /* Schools */,
				B12CE96A2A65421F006C54F5 /* SchoolsTests */,
				B12CE9742A65421F006C54F5 /* SchoolsUITests */,
				B12CE9582A65421A006C54F5 /* Products */,
				3E0B6F03EF6C7AC4B4BC228F /* Pods */,
				54546B151C3BE1E0CF156A47 /* Frameworks */,
			);
			sourceTree = "<group>";
		};
		B12CE9582A65421A006C54F5 /* Products */ = {
			isa = PBXGroup;
			children = (
				B12CE9572A65421A006C54F5 /* Schools.app */,
				B12CE9672A65421F006C54F5 /* SchoolsTests.xctest */,
				B12CE9712A65421F006C54F5 /* SchoolsUITests.xctest */,
			);
			name = Products;
			sourceTree = "<group>";
		};
		B12CE9592A65421A006C54F5 /* Schools */ = {
			isa = PBXGroup;
			children = (
				B12CE99B2A6586AC006C54F5 /* Info.plist */,
				B12CE95A2A65421A006C54F5 /* SchoolsApp.swift */,
				B12CE9872A654355006C54F5 /* Networking */,
				B12CE9862A654343006C54F5 /* View Models */,
				B12CE9882A654376006C54F5 /* Models */,
				B12CE99C2A658797006C54F5 /* Views */,
				B12CE9842A6542C0006C54F5 /* UILayer */,
				B12CE95E2A65421F006C54F5 /* Assets.xcassets */,
				B12CE9602A65421F006C54F5 /* Preview Content */,
			);
			path = Schools;
			sourceTree = "<group>";
		};
		B12CE9602A65421F006C54F5 /* Preview Content */ = {
			isa = PBXGroup;
			children = (
				B12CE9612A65421F006C54F5 /* Preview Assets.xcassets */,
			);
			path = "Preview Content";
			sourceTree = "<group>";
		};
		B12CE96A2A65421F006C54F5 /* SchoolsTests */ = {
			isa = PBXGroup;
			children = (
				B12CE96B2A65421F006C54F5 /* SchoolsTests.swift */,
				B1A1CAEB2A6674A400527A84 /* MockSchoolAPI.swift */,
				B1A1CAED2A6676B600527A84 /* SchoolTest.swift */,
			);
			path = SchoolsTests;
			sourceTree = "<group>";
		};
		B12CE9742A65421F006C54F5 /* SchoolsUITests */ = {
			isa = PBXGroup;
			children = (
				B12CE9752A65421F006C54F5 /* SchoolsUITests.swift */,
				B12CE9772A65421F006C54F5 /* SchoolsUITestsLaunchTests.swift */,
			);
			path = SchoolsUITests;
			sourceTree = "<group>";
		};
		B12CE9842A6542C0006C54F5 /* UILayer */ = {
			isa = PBXGroup;
			children = (
				B12CE95C2A65421A006C54F5 /* SchoolView.swift */,
				B1A1CAEF2A667D5D00527A84 /* SchoolDetailView.swift */,
			);
			path = UILayer;
			sourceTree = "<group>";
		};
		B12CE9862A654343006C54F5 /* View Models */ = {
			isa = PBXGroup;
			children = (
				B12CE9932A654DB8006C54F5 /* SchoolsViewModel.swift */,
				B12CE9952A654DC8006C54F5 /* SchoolDetailViewModel.swift */,
			);
			path = "View Models";
			sourceTree = "<group>";
		};
		B12CE9872A654355006C54F5 /* Networking */ = {
			isa = PBXGroup;
			children = (
				B12CE98F2A654969006C54F5 /* SchoolDirectoryAPI.swift */,
				B12CE9912A6549BD006C54F5 /* DataError.swift */,
			);
			path = Networking;
			sourceTree = "<group>";
		};
		B12CE9882A654376006C54F5 /* Models */ = {
			isa = PBXGroup;
			children = (
				B12CE9892A6543BA006C54F5 /* School.swift */,
				B12CE98B2A6543C4006C54F5 /* SchoolSAT.swift */,
				B12CE98D2A6543D3006C54F5 /* SchoolLoadingState.swift */,
				B12CE9972A656EA9006C54F5 /* SchoolSection.swift */,
				B12CE9992A656ECF006C54F5 /* SchoolMapAnnnotation.swift */,
			);
			path = Models;
			sourceTree = "<group>";
		};
		B12CE99C2A658797006C54F5 /* Views */ = {
			isa = PBXGroup;
			children = (
				B12CE99F2A658AD3006C54F5 /* SchoolCardView.swift */,
				B12CE9A12A6594E7006C54F5 /* SchoolAppBar.swift */,
			);
			path = Views;
			sourceTree = "<group>";
		};
/* End PBXGroup section */

/* Begin PBXNativeTarget section */
		B12CE9562A65421A006C54F5 /* Schools */ = {
			isa = PBXNativeTarget;
			buildConfigurationList = B12CE97B2A65421F006C54F5 /* Build configuration list for PBXNativeTarget "Schools" */;
			buildPhases = (
				FF6C460387376CCA5FD24791 /* [CP] Check Pods Manifest.lock */,
				B12CE9532A65421A006C54F5 /* Sources */,
				B12CE9542A65421A006C54F5 /* Frameworks */,
				B12CE9552A65421A006C54F5 /* Resources */,
				F5382B73E1ACA54BD4C0D6E6 /* [CP] Embed Pods Frameworks */,
			);
			buildRules = (
			);
			dependencies = (
			);
			name = Schools;
			productName = Schools;
			productReference = B12CE9572A65421A006C54F5 /* Schools.app */;
			productType = "com.apple.product-type.application";
		};
		B12CE9662A65421F006C54F5 /* SchoolsTests */ = {
			isa = PBXNativeTarget;
			buildConfigurationList = B12CE97E2A65421F006C54F5 /* Build configuration list for PBXNativeTarget "SchoolsTests" */;
			buildPhases = (
				C6D231430665D034CD8E2D45 /* [CP] Check Pods Manifest.lock */,
				B12CE9632A65421F006C54F5 /* Sources */,
				B12CE9642A65421F006C54F5 /* Frameworks */,
				B12CE9652A65421F006C54F5 /* Resources */,
			);
			buildRules = (
			);
			dependencies = (
				B12CE9692A65421F006C54F5 /* PBXTargetDependency */,
			);
			name = SchoolsTests;
			productName = SchoolsTests;
			productReference = B12CE9672A65421F006C54F5 /* SchoolsTests.xctest */;
			productType = "com.apple.product-type.bundle.unit-test";
		};
		B12CE9702A65421F006C54F5 /* SchoolsUITests */ = {
			isa = PBXNativeTarget;
			buildConfigurationList = B12CE9812A65421F006C54F5 /* Build configuration list for PBXNativeTarget "SchoolsUITests" */;
			buildPhases = (
				F6E3CDC1508144A201813B1A /* [CP] Check Pods Manifest.lock */,
				B12CE96D2A65421F006C54F5 /* Sources */,
				B12CE96E2A65421F006C54F5 /* Frameworks */,
				B12CE96F2A65421F006C54F5 /* Resources */,
				B736D0E5CD1C421E1FC90AEA /* [CP] Embed Pods Frameworks */,
			);
			buildRules = (
			);
			dependencies = (
				B12CE9732A65421F006C54F5 /* PBXTargetDependency */,
			);
			name = SchoolsUITests;
			productName = SchoolsUITests;
			productReference = B12CE9712A65421F006C54F5 /* SchoolsUITests.xctest */;
			productType = "com.apple.product-type.bundle.ui-testing";
		};
/* End PBXNativeTarget section */

/* Begin PBXProject section */
		B12CE94F2A65421A006C54F5 /* Project object */ = {
			isa = PBXProject;
			attributes = {
				BuildIndependentTargetsInParallel = 1;
				LastSwiftUpdateCheck = 1420;
				LastUpgradeCheck = 1420;
				TargetAttributes = {
					B12CE9562A65421A006C54F5 = {
						CreatedOnToolsVersion = 14.2;
					};
					B12CE9662A65421F006C54F5 = {
						CreatedOnToolsVersion = 14.2;
						TestTargetID = B12CE9562A65421A006C54F5;
					};
					B12CE9702A65421F006C54F5 = {
						CreatedOnToolsVersion = 14.2;
						TestTargetID = B12CE9562A65421A006C54F5;
					};
				};
			};
			buildConfigurationList = B12CE9522A65421A006C54F5 /* Build configuration list for PBXProject "Schools" */;
			compatibilityVersion = "Xcode 14.0";
			developmentRegion = en;
			hasScannedForEncodings = 0;
			knownRegions = (
				en,
				Base,
			);
			mainGroup = B12CE94E2A65421A006C54F5;
			productRefGroup = B12CE9582A65421A006C54F5 /* Products */;
			projectDirPath = "";
			projectRoot = "";
			targets = (
				B12CE9562A65421A006C54F5 /* Schools */,
				B12CE9662A65421F006C54F5 /* SchoolsTests */,
				B12CE9702A65421F006C54F5 /* SchoolsUITests */,
			);
		};
/* End PBXProject section */

/* Begin PBXResourcesBuildPhase section */
		B12CE9552A65421A006C54F5 /* Resources */ = {
			isa = PBXResourcesBuildPhase;
			buildActionMask = 2147483647;
			files = (
				B12CE9622A65421F006C54F5 /* Preview Assets.xcassets in Resources */,
				B12CE95F2A65421F006C54F5 /* Assets.xcassets in Resources */,
			);
			runOnlyForDeploymentPostprocessing = 0;
		};
		B12CE9652A65421F006C54F5 /* Resources */ = {
			isa = PBXResourcesBuildPhase;
			buildActionMask = 2147483647;
			files = (
			);
			runOnlyForDeploymentPostprocessing = 0;
		};
		B12CE96F2A65421F006C54F5 /* Resources */ = {
			isa = PBXResourcesBuildPhase;
			buildActionMask = 2147483647;
			files = (
			);
			runOnlyForDeploymentPostprocessing = 0;
		};
/* End PBXResourcesBuildPhase section */

/* Begin PBXShellScriptBuildPhase section */
		B736D0E5CD1C421E1FC90AEA /* [CP] Embed Pods Frameworks */ = {
			isa = PBXShellScriptBuildPhase;
			buildActionMask = 2147483647;
			files = (
			);
			inputFileListPaths = (
				"${PODS_ROOT}/Target Support Files/Pods-Schools-SchoolsUITests/Pods-Schools-SchoolsUITests-frameworks-${CONFIGURATION}-input-files.xcfilelist",
			);
			name = "[CP] Embed Pods Frameworks";
			outputFileListPaths = (
				"${PODS_ROOT}/Target Support Files/Pods-Schools-SchoolsUITests/Pods-Schools-SchoolsUITests-frameworks-${CONFIGURATION}-output-files.xcfilelist",
			);
			runOnlyForDeploymentPostprocessing = 0;
			shellPath = /bin/sh;
			shellScript = "\"${PODS_ROOT}/Target Support Files/Pods-Schools-SchoolsUITests/Pods-Schools-SchoolsUITests-frameworks.sh\"\n";
			showEnvVarsInLog = 0;
		};
		C6D231430665D034CD8E2D45 /* [CP] Check Pods Manifest.lock */ = {
			isa = PBXShellScriptBuildPhase;
			buildActionMask = 2147483647;
			files = (
			);
			inputFileListPaths = (
			);
			inputPaths = (
				"${PODS_PODFILE_DIR_PATH}/Podfile.lock",
				"${PODS_ROOT}/Manifest.lock",
			);
			name = "[CP] Check Pods Manifest.lock";
			outputFileListPaths = (
			);
			outputPaths = (
				"$(DERIVED_FILE_DIR)/Pods-SchoolsTests-checkManifestLockResult.txt",
			);
			runOnlyForDeploymentPostprocessing = 0;
			shellPath = /bin/sh;
			shellScript = "diff \"${PODS_PODFILE_DIR_PATH}/Podfile.lock\" \"${PODS_ROOT}/Manifest.lock\" > /dev/null\nif [ $? != 0 ] ; then\n    # print error to STDERR\n    echo \"error: The sandbox is not in sync with the Podfile.lock. Run 'pod install' or update your CocoaPods installation.\" >&2\n    exit 1\nfi\n# This output is used by Xcode 'outputs' to avoid re-running this script phase.\necho \"SUCCESS\" > \"${SCRIPT_OUTPUT_FILE_0}\"\n";
			showEnvVarsInLog = 0;
		};
		F5382B73E1ACA54BD4C0D6E6 /* [CP] Embed Pods Frameworks */ = {
			isa = PBXShellScriptBuildPhase;
			buildActionMask = 2147483647;
			files = (
			);
			inputFileListPaths = (
				"${PODS_ROOT}/Target Support Files/Pods-Schools/Pods-Schools-frameworks-${CONFIGURATION}-input-files.xcfilelist",
			);
			name = "[CP] Embed Pods Frameworks";
			outputFileListPaths = (
				"${PODS_ROOT}/Target Support Files/Pods-Schools/Pods-Schools-frameworks-${CONFIGURATION}-output-files.xcfilelist",
			);
			runOnlyForDeploymentPostprocessing = 0;
			shellPath = /bin/sh;
			shellScript = "\"${PODS_ROOT}/Target Support Files/Pods-Schools/Pods-Schools-frameworks.sh\"\n";
			showEnvVarsInLog = 0;
		};
		F6E3CDC1508144A201813B1A /* [CP] Check Pods Manifest.lock */ = {
			isa = PBXShellScriptBuildPhase;
			buildActionMask = 2147483647;
			files = (
			);
			inputFileListPaths = (
			);
			inputPaths = (
				"${PODS_PODFILE_DIR_PATH}/Podfile.lock",
				"${PODS_ROOT}/Manifest.lock",
			);
			name = "[CP] Check Pods Manifest.lock";
			outputFileListPaths = (
			);
			outputPaths = (
				"$(DERIVED_FILE_DIR)/Pods-Schools-SchoolsUITests-checkManifestLockResult.txt",
			);
			runOnlyForDeploymentPostprocessing = 0;
			shellPath = /bin/sh;
			shellScript = "diff \"${PODS_PODFILE_DIR_PATH}/Podfile.lock\" \"${PODS_ROOT}/Manifest.lock\" > /dev/null\nif [ $? != 0 ] ; then\n    # print error to STDERR\n    echo \"error: The sandbox is not in sync with the Podfile.lock. Run 'pod install' or update your CocoaPods installation.\" >&2\n    exit 1\nfi\n# This output is used by Xcode 'outputs' to avoid re-running this script phase.\necho \"SUCCESS\" > \"${SCRIPT_OUTPUT_FILE_0}\"\n";
			showEnvVarsInLog = 0;
		};
		FF6C460387376CCA5FD24791 /* [CP] Check Pods Manifest.lock */ = {
			isa = PBXShellScriptBuildPhase;
			buildActionMask = 2147483647;
			files = (
			);
			inputFileListPaths = (
			);
			inputPaths = (
				"${PODS_PODFILE_DIR_PATH}/Podfile.lock",
				"${PODS_ROOT}/Manifest.lock",
			);
			name = "[CP] Check Pods Manifest.lock";
			outputFileListPaths = (
			);
			outputPaths = (
				"$(DERIVED_FILE_DIR)/Pods-Schools-checkManifestLockResult.txt",
			);
			runOnlyForDeploymentPostprocessing = 0;
			shellPath = /bin/sh;
			shellScript = "diff \"${PODS_PODFILE_DIR_PATH}/Podfile.lock\" \"${PODS_ROOT}/Manifest.lock\" > /dev/null\nif [ $? != 0 ] ; then\n    # print error to STDERR\n    echo \"error: The sandbox is not in sync with the Podfile.lock. Run 'pod install' or update your CocoaPods installation.\" >&2\n    exit 1\nfi\n# This output is used by Xcode 'outputs' to avoid re-running this script phase.\necho \"SUCCESS\" > \"${SCRIPT_OUTPUT_FILE_0}\"\n";
			showEnvVarsInLog = 0;
		};
/* End PBXShellScriptBuildPhase section */

/* Begin PBXSourcesBuildPhase section */
		B12CE9532A65421A006C54F5 /* Sources */ = {
			isa = PBXSourcesBuildPhase;
			buildActionMask = 2147483647;
			files = (
				B12CE9942A654DB8006C54F5 /* SchoolsViewModel.swift in Sources */,
				B12CE9962A654DC8006C54F5 /* SchoolDetailViewModel.swift in Sources */,
				B12CE95D2A65421A006C54F5 /* SchoolView.swift in Sources */,
				B12CE98E2A6543D3006C54F5 /* SchoolLoadingState.swift in Sources */,
				B12CE99A2A656ECF006C54F5 /* SchoolMapAnnnotation.swift in Sources */,
				B12CE9A02A658AD3006C54F5 /* SchoolCardView.swift in Sources */,
				B12CE98A2A6543BA006C54F5 /* School.swift in Sources */,
				B1A1CAF02A667D5D00527A84 /* SchoolDetailView.swift in Sources */,
				B12CE98C2A6543C4006C54F5 /* SchoolSAT.swift in Sources */,
				B12CE9922A6549BD006C54F5 /* DataError.swift in Sources */,
				B12CE9902A654969006C54F5 /* SchoolDirectoryAPI.swift in Sources */,
				B12CE95B2A65421A006C54F5 /* SchoolsApp.swift in Sources */,
				B12CE9A22A6594E7006C54F5 /* SchoolAppBar.swift in Sources */,
				B12CE9982A656EA9006C54F5 /* SchoolSection.swift in Sources */,
			);
			runOnlyForDeploymentPostprocessing = 0;
		};
		B12CE9632A65421F006C54F5 /* Sources */ = {
			isa = PBXSourcesBuildPhase;
			buildActionMask = 2147483647;
			files = (
				B1A1CAEE2A6676B600527A84 /* SchoolTest.swift in Sources */,
				B1A1CAEC2A6674A500527A84 /* MockSchoolAPI.swift in Sources */,
				B12CE96C2A65421F006C54F5 /* SchoolsTests.swift in Sources */,
			);
			runOnlyForDeploymentPostprocessing = 0;
		};
		B12CE96D2A65421F006C54F5 /* Sources */ = {
			isa = PBXSourcesBuildPhase;
			buildActionMask = 2147483647;
			files = (
				B12CE9782A65421F006C54F5 /* SchoolsUITestsLaunchTests.swift in Sources */,
				B12CE9762A65421F006C54F5 /* SchoolsUITests.swift in Sources */,
			);
			runOnlyForDeploymentPostprocessing = 0;
		};
/* End PBXSourcesBuildPhase section */

/* Begin PBXTargetDependency section */
		B12CE9692A65421F006C54F5 /* PBXTargetDependency */ = {
			isa = PBXTargetDependency;
			target = B12CE9562A65421A006C54F5 /* Schools */;
			targetProxy = B12CE9682A65421F006C54F5 /* PBXContainerItemProxy */;
		};
		B12CE9732A65421F006C54F5 /* PBXTargetDependency */ = {
			isa = PBXTargetDependency;
			target = B12CE9562A65421A006C54F5 /* Schools */;
			targetProxy = B12CE9722A65421F006C54F5 /* PBXContainerItemProxy */;
		};
/* End PBXTargetDependency section */

/* Begin XCBuildConfiguration section */
		B12CE9792A65421F006C54F5 /* Debug */ = {
			isa = XCBuildConfiguration;
			buildSettings = {
				ALWAYS_SEARCH_USER_PATHS = NO;
				CLANG_ANALYZER_NONNULL = YES;
				CLANG_ANALYZER_NUMBER_OBJECT_CONVERSION = YES_AGGRESSIVE;
				CLANG_CXX_LANGUAGE_STANDARD = "gnu++20";
				CLANG_ENABLE_MODULES = YES;
				CLANG_ENABLE_OBJC_ARC = YES;
				CLANG_ENABLE_OBJC_WEAK = YES;
				CLANG_WARN_BLOCK_CAPTURE_AUTORELEASING = YES;
				CLANG_WARN_BOOL_CONVERSION = YES;
				CLANG_WARN_COMMA = YES;
				CLANG_WARN_CONSTANT_CONVERSION = YES;
				CLANG_WARN_DEPRECATED_OBJC_IMPLEMENTATIONS = YES;
				CLANG_WARN_DIRECT_OBJC_ISA_USAGE = YES_ERROR;
				CLANG_WARN_DOCUMENTATION_COMMENTS = YES;
				CLANG_WARN_EMPTY_BODY = YES;
				CLANG_WARN_ENUM_CONVERSION = YES;
				CLANG_WARN_INFINITE_RECURSION = YES;
				CLANG_WARN_INT_CONVERSION = YES;
				CLANG_WARN_NON_LITERAL_NULL_CONVERSION = YES;
				CLANG_WARN_OBJC_IMPLICIT_RETAIN_SELF = YES;
				CLANG_WARN_OBJC_LITERAL_CONVERSION = YES;
				CLANG_WARN_OBJC_ROOT_CLASS = YES_ERROR;
				CLANG_WARN_QUOTED_INCLUDE_IN_FRAMEWORK_HEADER = YES;
				CLANG_WARN_RANGE_LOOP_ANALYSIS = YES;
				CLANG_WARN_STRICT_PROTOTYPES = YES;
				CLANG_WARN_SUSPICIOUS_MOVE = YES;
				CLANG_WARN_UNGUARDED_AVAILABILITY = YES_AGGRESSIVE;
				CLANG_WARN_UNREACHABLE_CODE = YES;
				CLANG_WARN__DUPLICATE_METHOD_MATCH = YES;
				COPY_PHASE_STRIP = NO;
				DEBUG_INFORMATION_FORMAT = dwarf;
				ENABLE_STRICT_OBJC_MSGSEND = YES;
				ENABLE_TESTABILITY = YES;
				GCC_C_LANGUAGE_STANDARD = gnu11;
				GCC_DYNAMIC_NO_PIC = NO;
				GCC_NO_COMMON_BLOCKS = YES;
				GCC_OPTIMIZATION_LEVEL = 0;
				GCC_PREPROCESSOR_DEFINITIONS = (
					"DEBUG=1",
					"$(inherited)",
				);
				GCC_WARN_64_TO_32_BIT_CONVERSION = YES;
				GCC_WARN_ABOUT_RETURN_TYPE = YES_ERROR;
				GCC_WARN_UNDECLARED_SELECTOR = YES;
				GCC_WARN_UNINITIALIZED_AUTOS = YES_AGGRESSIVE;
				GCC_WARN_UNUSED_FUNCTION = YES;
				GCC_WARN_UNUSED_VARIABLE = YES;
				IPHONEOS_DEPLOYMENT_TARGET = 16.2;
				MTL_ENABLE_DEBUG_INFO = INCLUDE_SOURCE;
				MTL_FAST_MATH = YES;
				ONLY_ACTIVE_ARCH = YES;
				SDKROOT = iphoneos;
				SWIFT_ACTIVE_COMPILATION_CONDITIONS = DEBUG;
				SWIFT_OPTIMIZATION_LEVEL = "-Onone";
			};
			name = Debug;
		};
		B12CE97A2A65421F006C54F5 /* Release */ = {
			isa = XCBuildConfiguration;
			buildSettings = {
				ALWAYS_SEARCH_USER_PATHS = NO;
				CLANG_ANALYZER_NONNULL = YES;
				CLANG_ANALYZER_NUMBER_OBJECT_CONVERSION = YES_AGGRESSIVE;
				CLANG_CXX_LANGUAGE_STANDARD = "gnu++20";
				CLANG_ENABLE_MODULES = YES;
				CLANG_ENABLE_OBJC_ARC = YES;
				CLANG_ENABLE_OBJC_WEAK = YES;
				CLANG_WARN_BLOCK_CAPTURE_AUTORELEASING = YES;
				CLANG_WARN_BOOL_CONVERSION = YES;
				CLANG_WARN_COMMA = YES;
				CLANG_WARN_CONSTANT_CONVERSION = YES;
				CLANG_WARN_DEPRECATED_OBJC_IMPLEMENTATIONS = YES;
				CLANG_WARN_DIRECT_OBJC_ISA_USAGE = YES_ERROR;
				CLANG_WARN_DOCUMENTATION_COMMENTS = YES;
				CLANG_WARN_EMPTY_BODY = YES;
				CLANG_WARN_ENUM_CONVERSION = YES;
				CLANG_WARN_INFINITE_RECURSION = YES;
				CLANG_WARN_INT_CONVERSION = YES;
				CLANG_WARN_NON_LITERAL_NULL_CONVERSION = YES;
				CLANG_WARN_OBJC_IMPLICIT_RETAIN_SELF = YES;
				CLANG_WARN_OBJC_LITERAL_CONVERSION = YES;
				CLANG_WARN_OBJC_ROOT_CLASS = YES_ERROR;
				CLANG_WARN_QUOTED_INCLUDE_IN_FRAMEWORK_HEADER = YES;
				CLANG_WARN_RANGE_LOOP_ANALYSIS = YES;
				CLANG_WARN_STRICT_PROTOTYPES = YES;
				CLANG_WARN_SUSPICIOUS_MOVE = YES;
				CLANG_WARN_UNGUARDED_AVAILABILITY = YES_AGGRESSIVE;
				CLANG_WARN_UNREACHABLE_CODE = YES;
				CLANG_WARN__DUPLICATE_METHOD_MATCH = YES;
				COPY_PHASE_STRIP = NO;
				DEBUG_INFORMATION_FORMAT = "dwarf-with-dsym";
				ENABLE_NS_ASSERTIONS = NO;
				ENABLE_STRICT_OBJC_MSGSEND = YES;
				GCC_C_LANGUAGE_STANDARD = gnu11;
				GCC_NO_COMMON_BLOCKS = YES;
				GCC_WARN_64_TO_32_BIT_CONVERSION = YES;
				GCC_WARN_ABOUT_RETURN_TYPE = YES_ERROR;
				GCC_WARN_UNDECLARED_SELECTOR = YES;
				GCC_WARN_UNINITIALIZED_AUTOS = YES_AGGRESSIVE;
				GCC_WARN_UNUSED_FUNCTION = YES;
				GCC_WARN_UNUSED_VARIABLE = YES;
				IPHONEOS_DEPLOYMENT_TARGET = 16.2;
				MTL_ENABLE_DEBUG_INFO = NO;
				MTL_FAST_MATH = YES;
				SDKROOT = iphoneos;
				SWIFT_COMPILATION_MODE = wholemodule;
				SWIFT_OPTIMIZATION_LEVEL = "-O";
				VALIDATE_PRODUCT = YES;
			};
			name = Release;
		};
		B12CE97C2A65421F006C54F5 /* Debug */ = {
			isa = XCBuildConfiguration;
			baseConfigurationReference = C5D76EB15DFE44C242944EB0 /* Pods-Schools.debug.xcconfig */;
			buildSettings = {
				ASSETCATALOG_COMPILER_APPICON_NAME = AppIcon;
				ASSETCATALOG_COMPILER_GLOBAL_ACCENT_COLOR_NAME = AccentColor;
				CODE_SIGN_STYLE = Automatic;
				CURRENT_PROJECT_VERSION = 1;
				DEVELOPMENT_ASSET_PATHS = "\"Schools/Preview Content\"";
				ENABLE_PREVIEWS = YES;
				GENERATE_INFOPLIST_FILE = YES;
				INFOPLIST_FILE = Schools/Info.plist;
				INFOPLIST_KEY_UIApplicationSupportsIndirectInputEvents = YES;
				INFOPLIST_KEY_UILaunchScreen_Generation = YES;
				INFOPLIST_KEY_UISupportedInterfaceOrientations_iPad = "UIInterfaceOrientationPortrait UIInterfaceOrientationPortraitUpsideDown UIInterfaceOrientationLandscapeLeft UIInterfaceOrientationLandscapeRight";
				INFOPLIST_KEY_UISupportedInterfaceOrientations_iPhone = "UIInterfaceOrientationPortrait UIInterfaceOrientationLandscapeLeft UIInterfaceOrientationLandscapeRight";
				LD_RUNPATH_SEARCH_PATHS = (
					"$(inherited)",
					"@executable_path/Frameworks",
				);
				MARKETING_VERSION = 1.0;
				PRODUCT_BUNDLE_IDENTIFIER = com.abc.com.Schools;
				PRODUCT_NAME = "$(TARGET_NAME)";
				SWIFT_EMIT_LOC_STRINGS = YES;
				SWIFT_VERSION = 5.0;
				TARGETED_DEVICE_FAMILY = "1,2";
			};
			name = Debug;
		};
		B12CE97D2A65421F006C54F5 /* Release */ = {
			isa = XCBuildConfiguration;
			baseConfigurationReference = 440946C6A34C791E539BBFF7 /* Pods-Schools.release.xcconfig */;
			buildSettings = {
				ASSETCATALOG_COMPILER_APPICON_NAME = AppIcon;
				ASSETCATALOG_COMPILER_GLOBAL_ACCENT_COLOR_NAME = AccentColor;
				CODE_SIGN_STYLE = Automatic;
				CURRENT_PROJECT_VERSION = 1;
				DEVELOPMENT_ASSET_PATHS = "\"Schools/Preview Content\"";
				ENABLE_PREVIEWS = YES;
				GENERATE_INFOPLIST_FILE = YES;
				INFOPLIST_FILE = Schools/Info.plist;
				INFOPLIST_KEY_UIApplicationSupportsIndirectInputEvents = YES;
				INFOPLIST_KEY_UILaunchScreen_Generation = YES;
				INFOPLIST_KEY_UISupportedInterfaceOrientations_iPad = "UIInterfaceOrientationPortrait UIInterfaceOrientationPortraitUpsideDown UIInterfaceOrientationLandscapeLeft UIInterfaceOrientationLandscapeRight";
				INFOPLIST_KEY_UISupportedInterfaceOrientations_iPhone = "UIInterfaceOrientationPortrait UIInterfaceOrientationLandscapeLeft UIInterfaceOrientationLandscapeRight";
				LD_RUNPATH_SEARCH_PATHS = (
					"$(inherited)",
					"@executable_path/Frameworks",
				);
				MARKETING_VERSION = 1.0;
				PRODUCT_BUNDLE_IDENTIFIER = com.abc.com.Schools;
				PRODUCT_NAME = "$(TARGET_NAME)";
				SWIFT_EMIT_LOC_STRINGS = YES;
				SWIFT_VERSION = 5.0;
				TARGETED_DEVICE_FAMILY = "1,2";
			};
			name = Release;
		};
		B12CE97F2A65421F006C54F5 /* Debug */ = {
			isa = XCBuildConfiguration;
			baseConfigurationReference = 2E0E5E497E1C1A08643220AD /* Pods-SchoolsTests.debug.xcconfig */;
			buildSettings = {
				ALWAYS_EMBED_SWIFT_STANDARD_LIBRARIES = YES;
				BUNDLE_LOADER = "$(TEST_HOST)";
				CODE_SIGN_STYLE = Automatic;
				CURRENT_PROJECT_VERSION = 1;
				GENERATE_INFOPLIST_FILE = YES;
				IPHONEOS_DEPLOYMENT_TARGET = 16.2;
				MARKETING_VERSION = 1.0;
				PRODUCT_BUNDLE_IDENTIFIER = com.abc.com.SchoolsTests;
				PRODUCT_NAME = "$(TARGET_NAME)";
				SWIFT_EMIT_LOC_STRINGS = NO;
				SWIFT_VERSION = 5.0;
				TARGETED_DEVICE_FAMILY = "1,2";
				TEST_HOST = "$(BUILT_PRODUCTS_DIR)/Schools.app/$(BUNDLE_EXECUTABLE_FOLDER_PATH)/Schools";
			};
			name = Debug;
		};
		B12CE9802A65421F006C54F5 /* Release */ = {
			isa = XCBuildConfiguration;
			baseConfigurationReference = 6B0AE92BD415DE778D1CD8F5 /* Pods-SchoolsTests.release.xcconfig */;
			buildSettings = {
				ALWAYS_EMBED_SWIFT_STANDARD_LIBRARIES = YES;
				BUNDLE_LOADER = "$(TEST_HOST)";
				CODE_SIGN_STYLE = Automatic;
				CURRENT_PROJECT_VERSION = 1;
				GENERATE_INFOPLIST_FILE = YES;
				IPHONEOS_DEPLOYMENT_TARGET = 16.2;
				MARKETING_VERSION = 1.0;
				PRODUCT_BUNDLE_IDENTIFIER = com.abc.com.SchoolsTests;
				PRODUCT_NAME = "$(TARGET_NAME)";
				SWIFT_EMIT_LOC_STRINGS = NO;
				SWIFT_VERSION = 5.0;
				TARGETED_DEVICE_FAMILY = "1,2";
				TEST_HOST = "$(BUILT_PRODUCTS_DIR)/Schools.app/$(BUNDLE_EXECUTABLE_FOLDER_PATH)/Schools";
			};
			name = Release;
		};
		B12CE9822A65421F006C54F5 /* Debug */ = {
			isa = XCBuildConfiguration;
			baseConfigurationReference = 8114A6548D8EA94A0B6BA5A4 /* Pods-Schools-SchoolsUITests.debug.xcconfig */;
			buildSettings = {
				ALWAYS_EMBED_SWIFT_STANDARD_LIBRARIES = YES;
				CODE_SIGN_STYLE = Automatic;
				CURRENT_PROJECT_VERSION = 1;
				GENERATE_INFOPLIST_FILE = YES;
				MARKETING_VERSION = 1.0;
				PRODUCT_BUNDLE_IDENTIFIER = com.abc.com.SchoolsUITests;
				PRODUCT_NAME = "$(TARGET_NAME)";
				SWIFT_EMIT_LOC_STRINGS = NO;
				SWIFT_VERSION = 5.0;
				TARGETED_DEVICE_FAMILY = "1,2";
				TEST_TARGET_NAME = Schools;
			};
			name = Debug;
		};
		B12CE9832A65421F006C54F5 /* Release */ = {
			isa = XCBuildConfiguration;
			baseConfigurationReference = 34206FDA00C8A454F32D79D5 /* Pods-Schools-SchoolsUITests.release.xcconfig */;
			buildSettings = {
				ALWAYS_EMBED_SWIFT_STANDARD_LIBRARIES = YES;
				CODE_SIGN_STYLE = Automatic;
				CURRENT_PROJECT_VERSION = 1;
				GENERATE_INFOPLIST_FILE = YES;
				MARKETING_VERSION = 1.0;
				PRODUCT_BUNDLE_IDENTIFIER = com.abc.com.SchoolsUITests;
				PRODUCT_NAME = "$(TARGET_NAME)";
				SWIFT_EMIT_LOC_STRINGS = NO;
				SWIFT_VERSION = 5.0;
				TARGETED_DEVICE_FAMILY = "1,2";
				TEST_TARGET_NAME = Schools;
			};
			name = Release;
		};
/* End XCBuildConfiguration section */

/* Begin XCConfigurationList section */
		B12CE9522A65421A006C54F5 /* Build configuration list for PBXProject "Schools" */ = {
			isa = XCConfigurationList;
			buildConfigurations = (
				B12CE9792A65421F006C54F5 /* Debug */,
				B12CE97A2A65421F006C54F5 /* Release */,
			);
			defaultConfigurationIsVisible = 0;
			defaultConfigurationName = Release;
		};
		B12CE97B2A65421F006C54F5 /* Build configuration list for PBXNativeTarget "Schools" */ = {
			isa = XCConfigurationList;
			buildConfigurations = (
				B12CE97C2A65421F006C54F5 /* Debug */,
				B12CE97D2A65421F006C54F5 /* Release */,
			);
			defaultConfigurationIsVisible = 0;
			defaultConfigurationName = Release;
		};
		B12CE97E2A65421F006C54F5 /* Build configuration list for PBXNativeTarget "SchoolsTests" */ = {
			isa = XCConfigurationList;
			buildConfigurations = (
				B12CE97F2A65421F006C54F5 /* Debug */,
				B12CE9802A65421F006C54F5 /* Release */,
			);
			defaultConfigurationIsVisible = 0;
			defaultConfigurationName = Release;
		};
		B12CE9812A65421F006C54F5 /* Build configuration list for PBXNativeTarget "SchoolsUITests" */ = {
			isa = XCConfigurationList;
			buildConfigurations = (
				B12CE9822A65421F006C54F5 /* Debug */,
				B12CE9832A65421F006C54F5 /* Release */,
			);
			defaultConfigurationIsVisible = 0;
			defaultConfigurationName = Release;
		};
/* End XCConfigurationList section */
	};
	rootObject = B12CE94F2A65421A006C54F5 /* Project object */;
}
